
Microsoft Visual Studio Solution File, Format Version 12.00
# Visual Studio 15
VisualStudioVersion = 15.0.28307.779
MinimumVisualStudioVersion = 10.0.40219.1
Project("{FAE04EC0-301F-11D3-BF4B-00C04F79EFBC}") = "BKFS.MergeCSV.WinForm", "BKFS.MergeCSV.WinForm\BKFS.MergeCSV.WinForm.csproj", "{40F5DBC1-0AD9-43C0-9466-7E2E8F736231}"
EndProject
Global
	GlobalSection(SolutionConfigurationPlatforms) = preSolution
		Debug|Any CPU = Debug|Any CPU
		Release|Any CPU = Release|Any CPU
	EndGlobalSection
	GlobalSection(ProjectConfigurationPlatforms) = postSolution
		{40F5DBC1-0AD9-43C0-9466-7E2E8F736231}.Debug|Any CPU.ActiveCfg = Debug|Any CPU
		{40F5DBC1-0AD9-43C0-9466-7E2E8F736231}.Debug|Any CPU.Build.0 = Debug|Any CPU
		{40F5DBC1-0AD9-43C0-9466-7E2E8F736231}.Release|Any CPU.ActiveCfg = Release|Any CPU
		{40F5DBC1-0AD9-43C0-9466-7E2E8F736231}.Release|Any CPU.Build.0 = Release|Any CPU
	EndGlobalSection
	GlobalSection(SolutionProperties) = preSolution
		HideSolutionNode = FALSE
	EndGlobalSection
	GlobalSection(ExtensibilityGlobals) = postSolution
		SolutionGuid = {C03D70CC-4A33-4B98-8B1C-A60A42AC2695}
	EndGlobalSection
EndGlobal
